// !$*UTF8*$!
{
	objects = {
/* Begin XCBuildConfiguration section */
		13B07F941A680F5B00A75B9A /* Debug */ = {
			isa = XCBuildConfiguration;
			buildSettings = {
				IPHONEOS_DEPLOYMENT_TARGET = 15.1;
				PRODUCT_BUNDLE_IDENTIFIER = com.acme.chat;
			};
			name = Debug;
		};
		13B07F951A680F5B00A75B9A /* Release */ = {
			isa = XCBuildConfiguration;
			buildSettings = {
				IPHONEOS_DEPLOYMENT_TARGET = 15.1;
				PRODUCT_BUNDLE_IDENTIFIER = com.acme.chat;
			};
			name = Release;
		};
/* End XCBuildConfiguration section */
	};
}
